
Microsoft Visual Studio Solution File, Format Version 12.00
# Visual Studio Version 17
VisualStudioVersion = 17.3.32929.385
MinimumVisualStudioVersion = 10.0.40219.1
Project("{FAE04EC0-301F-11D3-BF4B-00C04F79EFBC}") = "MRLogs", "MRLogs\MRLogs.csproj", "{DEE3B809-D382-40D0-A137-7E65AFF4BB0E}"
EndProject
Project("{FAE04EC0-301F-11D3-BF4B-00C04F79EFBC}") = "MRLogs.UnitTests", "MRLogs.UnitTests\MRLogs.UnitTests.csproj", "{3D69C8D0-599C-4E23-B57E-561B116B04C5}"
EndProject
Global
	GlobalSection(SolutionConfigurationPlatforms) = preSolution
		Debug|Any CPU = Debug|Any CPU
		Release|Any CPU = Release|Any CPU
	EndGlobalSection
	GlobalSection(ProjectConfigurationPlatforms) = postSolution
		{DEE3B809-D382-40D0-A137-7E65AFF4BB0E}.Debug|Any CPU.ActiveCfg = Debug|Any CPU
		{DEE3B809-D382-40D0-A137-7E65AFF4BB0E}.Debug|Any CPU.Build.0 = Debug|Any CPU
		{DEE3B809-D382-40D0-A137-7E65AFF4BB0E}.Release|Any CPU.ActiveCfg = Release|Any CPU
		{DEE3B809-D382-40D0-A137-7E65AFF4BB0E}.Release|Any CPU.Build.0 = Release|Any CPU
		{3D69C8D0-599C-4E23-B57E-561B116B04C5}.Debug|Any CPU.ActiveCfg = Debug|Any CPU
		{3D69C8D0-599C-4E23-B57E-561B116B04C5}.Debug|Any CPU.Build.0 = Debug|Any CPU
		{3D69C8D0-599C-4E23-B57E-561B116B04C5}.Release|Any CPU.ActiveCfg = Release|Any CPU
		{3D69C8D0-599C-4E23-B57E-561B116B04C5}.Release|Any CPU.Build.0 = Release|Any CPU
	EndGlobalSection
	GlobalSection(SolutionProperties) = preSolution
		HideSolutionNode = FALSE
	EndGlobalSection
	GlobalSection(ExtensibilityGlobals) = postSolution
		SolutionGuid = {E62B1EBF-92AF-4114-94DE-D9E62E5D3224}
	EndGlobalSection
EndGlobal
